Microsoft Visual Studio Solution File, Format Version 12.00
# Visual Studio 2012
Project("{FAE04EC0-301F-11D3-BF4B-00C04F79EFBC}") = "Lights Out Game", "Lights Out Game.csproj", "{9A971C31-069B-4D2E-B1E4-19EBD60DB5E7}"
EndProject
Global
	GlobalSection(SolutionConfigurationPlatforms) = preSolution
	Debug|Any CPU = Debug|Any CPU
	ExportDebug|Any CPU = ExportDebug|Any CPU
	ExportRelease|Any CPU = ExportRelease|Any CPU
	EndGlobalSection
	GlobalSection(ProjectConfigurationPlatforms) = postSolution
		{9A971C31-069B-4D2E-B1E4-19EBD60DB5E7}.Debug|Any CPU.ActiveCfg = Debug|Any CPU
		{9A971C31-069B-4D2E-B1E4-19EBD60DB5E7}.Debug|Any CPU.Build.0 = Debug|Any CPU
		{9A971C31-069B-4D2E-B1E4-19EBD60DB5E7}.ExportDebug|Any CPU.ActiveCfg = ExportDebug|Any CPU
		{9A971C31-069B-4D2E-B1E4-19EBD60DB5E7}.ExportDebug|Any CPU.Build.0 = ExportDebug|Any CPU
		{9A971C31-069B-4D2E-B1E4-19EBD60DB5E7}.ExportRelease|Any CPU.ActiveCfg = ExportRelease|Any CPU
		{9A971C31-069B-4D2E-B1E4-19EBD60DB5E7}.ExportRelease|Any CPU.Build.0 = ExportRelease|Any CPU
	EndGlobalSection
EndGlobal
